
Microsoft Visual Studio Solution File, Format Version 12.00
# Visual Studio Version 17
VisualStudioVersion = 17.7.34003.232
MinimumVisualStudioVersion = 10.0.40219.1
Project("{9A19103F-16F7-4668-BE54-9A1E7A4F7556}") = "TreeCollapse", "TreeCollapse\TreeCollapse.csproj", "{032CC8E2-5875-42CE-AE1B-CDAF74FE6792}"
EndProject
Project("{9A19103F-16F7-4668-BE54-9A1E7A4F7556}") = "TreeCollapse.Desktop", "TreeCollapse.Desktop\TreeCollapse.Desktop.csproj", "{B9712B92-E7B5-4266-9981-7D4800F5F8C5}"
EndProject
Global
	GlobalSection(SolutionConfigurationPlatforms) = preSolution
		Debug|Any CPU = Debug|Any CPU
		Release|Any CPU = Release|Any CPU
	EndGlobalSection
	GlobalSection(ProjectConfigurationPlatforms) = postSolution
		{032CC8E2-5875-42CE-AE1B-CDAF74FE6792}.Debug|Any CPU.ActiveCfg = Debug|Any CPU
		{032CC8E2-5875-42CE-AE1B-CDAF74FE6792}.Debug|Any CPU.Build.0 = Debug|Any CPU
		{032CC8E2-5875-42CE-AE1B-CDAF74FE6792}.Release|Any CPU.ActiveCfg = Release|Any CPU
		{032CC8E2-5875-42CE-AE1B-CDAF74FE6792}.Release|Any CPU.Build.0 = Release|Any CPU
		{B9712B92-E7B5-4266-9981-7D4800F5F8C5}.Debug|Any CPU.ActiveCfg = Debug|Any CPU
		{B9712B92-E7B5-4266-9981-7D4800F5F8C5}.Debug|Any CPU.Build.0 = Debug|Any CPU
		{B9712B92-E7B5-4266-9981-7D4800F5F8C5}.Release|Any CPU.ActiveCfg = Release|Any CPU
		{B9712B92-E7B5-4266-9981-7D4800F5F8C5}.Release|Any CPU.Build.0 = Release|Any CPU
	EndGlobalSection
	GlobalSection(SolutionProperties) = preSolution
		HideSolutionNode = FALSE
	EndGlobalSection
	GlobalSection(ExtensibilityGlobals) = postSolution
		SolutionGuid = {9E17118A-81E9-4F7A-8415-0697A2766430}
	EndGlobalSection
EndGlobal
